
Microsoft Visual Studio Solution File, Format Version 12.00
# Visual Studio 15
VisualStudioVersion = 15.0.27004.2010
MinimumVisualStudioVersion = 10.0.40219.1
Project("{FAE04EC0-301F-11D3-BF4B-00C04F79EFBC}") = "NetworkingApp", "NetworkingApp\NetworkingApp.csproj", "{4769BC16-FE97-40A4-84A1-73724176EEA5}"
EndProject
Global
	GlobalSection(SolutionConfigurationPlatforms) = preSolution
		Debug|Any CPU = Debug|Any CPU
		Release|Any CPU = Release|Any CPU
	EndGlobalSection
	GlobalSection(ProjectConfigurationPlatforms) = postSolution
		{4769BC16-FE97-40A4-84A1-73724176EEA5}.Debug|Any CPU.ActiveCfg = Debug|Any CPU
		{4769BC16-FE97-40A4-84A1-73724176EEA5}.Debug|Any CPU.Build.0 = Debug|Any CPU
		{4769BC16-FE97-40A4-84A1-73724176EEA5}.Release|Any CPU.ActiveCfg = Release|Any CPU
		{4769BC16-FE97-40A4-84A1-73724176EEA5}.Release|Any CPU.Build.0 = Release|Any CPU
	EndGlobalSection
	GlobalSection(SolutionProperties) = preSolution
		HideSolutionNode = FALSE
	EndGlobalSection
	GlobalSection(ExtensibilityGlobals) = postSolution
		SolutionGuid = {45001400-6F31-4C2A-969E-481B185D77B0}
	EndGlobalSection
EndGlobal
